
Microsoft Visual Studio Solution File, Format Version 12.00
# Visual Studio 15
VisualStudioVersion = 15.0.28307.136
MinimumVisualStudioVersion = 10.0.40219.1
Project("{FAE04EC0-301F-11D3-BF4B-00C04F79EFBC}") = "GenericLINQ_Lamnda", "GenericLINQ_Lamnda\GenericLINQ_Lamnda.csproj", "{FDB90AD1-E679-4651-A8CA-752C38300E45}"
EndProject
Project("{FAE04EC0-301F-11D3-BF4B-00C04F79EFBC}") = "LINQ_To_Object", "LINQ_To_Object\LINQ_To_Object.csproj", "{A5CB9A03-6DE6-4A93-B64F-EBBA40D1C051}"
EndProject
Global
	GlobalSection(SolutionConfigurationPlatforms) = preSolution
		Debug|Any CPU = Debug|Any CPU
		Release|Any CPU = Release|Any CPU
	EndGlobalSection
	GlobalSection(ProjectConfigurationPlatforms) = postSolution
		{FDB90AD1-E679-4651-A8CA-752C38300E45}.Debug|Any CPU.ActiveCfg = Debug|Any CPU
		{FDB90AD1-E679-4651-A8CA-752C38300E45}.Debug|Any CPU.Build.0 = Debug|Any CPU
		{FDB90AD1-E679-4651-A8CA-752C38300E45}.Release|Any CPU.ActiveCfg = Release|Any CPU
		{FDB90AD1-E679-4651-A8CA-752C38300E45}.Release|Any CPU.Build.0 = Release|Any CPU
		{A5CB9A03-6DE6-4A93-B64F-EBBA40D1C051}.Debug|Any CPU.ActiveCfg = Debug|Any CPU
		{A5CB9A03-6DE6-4A93-B64F-EBBA40D1C051}.Debug|Any CPU.Build.0 = Debug|Any CPU
		{A5CB9A03-6DE6-4A93-B64F-EBBA40D1C051}.Release|Any CPU.ActiveCfg = Release|Any CPU
		{A5CB9A03-6DE6-4A93-B64F-EBBA40D1C051}.Release|Any CPU.Build.0 = Release|Any CPU
	EndGlobalSection
	GlobalSection(SolutionProperties) = preSolution
		HideSolutionNode = FALSE
	EndGlobalSection
	GlobalSection(ExtensibilityGlobals) = postSolution
		SolutionGuid = {9C549E02-3AAE-4D28-9731-8DF9D4C733DD}
	EndGlobalSection
EndGlobal
